
Microsoft Visual Studio Solution File, Format Version 12.00
# Visual Studio Version 16
VisualStudioVersion = 16.0.29123.88
MinimumVisualStudioVersion = 10.0.40219.1
Project("{FAE04EC0-301F-11D3-BF4B-00C04F79EFBC}") = "CurriculoOnline", "CurriculoOnline\CurriculoOnline.csproj", "{EAEDC948-44E7-4C96-92AA-A9CA0C02946F}"
EndProject
Global
	GlobalSection(SolutionConfigurationPlatforms) = preSolution
		Debug|Any CPU = Debug|Any CPU
		Release|Any CPU = Release|Any CPU
	EndGlobalSection
	GlobalSection(ProjectConfigurationPlatforms) = postSolution
		{EAEDC948-44E7-4C96-92AA-A9CA0C02946F}.Debug|Any CPU.ActiveCfg = Debug|Any CPU
		{EAEDC948-44E7-4C96-92AA-A9CA0C02946F}.Debug|Any CPU.Build.0 = Debug|Any CPU
		{EAEDC948-44E7-4C96-92AA-A9CA0C02946F}.Release|Any CPU.ActiveCfg = Release|Any CPU
		{EAEDC948-44E7-4C96-92AA-A9CA0C02946F}.Release|Any CPU.Build.0 = Release|Any CPU
	EndGlobalSection
	GlobalSection(SolutionProperties) = preSolution
		HideSolutionNode = FALSE
	EndGlobalSection
	GlobalSection(ExtensibilityGlobals) = postSolution
		SolutionGuid = {0A46C37E-55BF-4E90-8208-7388F71DBC23}
	EndGlobalSection
EndGlobal
